
Microsoft Visual Studio Solution File, Format Version 12.00
# Visual Studio Version 16
VisualStudioVersion = 16.0.29926.136
MinimumVisualStudioVersion = 10.0.40219.1
Project("{FAE04EC0-301F-11D3-BF4B-00C04F79EFBC}") = "EjemploForms", "EjemploForms\EjemploForms.csproj", "{4EA6DAEA-6C67-4147-A100-7F1834CFFA41}"
EndProject
Global
	GlobalSection(SolutionConfigurationPlatforms) = preSolution
		Debug|Any CPU = Debug|Any CPU
		Release|Any CPU = Release|Any CPU
	EndGlobalSection
	GlobalSection(ProjectConfigurationPlatforms) = postSolution
		{4EA6DAEA-6C67-4147-A100-7F1834CFFA41}.Debug|Any CPU.ActiveCfg = Debug|Any CPU
		{4EA6DAEA-6C67-4147-A100-7F1834CFFA41}.Debug|Any CPU.Build.0 = Debug|Any CPU
		{4EA6DAEA-6C67-4147-A100-7F1834CFFA41}.Release|Any CPU.ActiveCfg = Release|Any CPU
		{4EA6DAEA-6C67-4147-A100-7F1834CFFA41}.Release|Any CPU.Build.0 = Release|Any CPU
	EndGlobalSection
	GlobalSection(SolutionProperties) = preSolution
		HideSolutionNode = FALSE
	EndGlobalSection
	GlobalSection(ExtensibilityGlobals) = postSolution
		SolutionGuid = {2D6AA5C8-9A41-4268-9A6B-77DA1DC63D5A}
	EndGlobalSection
EndGlobal
